// !$*UTF8*$!
{
	archiveVersion = 1;
	classes = {
	};
	objectVersion = 77;
	objects = {

/* Begin PBXBuildFile section */
		C28741572E5E53E300540B0B /* FirebaseAnalytics in Frameworks */ = {isa = PBXBuildFile; productRef = C28741562E5E53E300540B0B /* FirebaseAnalytics */; };
		C28741592E5E53E300540B0B /* FirebaseAuth in Frameworks */ = {isa = PBXBuildFile; productRef = C28741582E5E53E300540B0B /* FirebaseAuth */; };
		C287415B2E5E53E300540B0B /* FirebaseCore in Frameworks */ = {isa = PBXBuildFile; productRef = C287415A2E5E53E300540B0B /* FirebaseCore */; };
		C287415D2E5E53E300540B0B /* FirebaseCrashlytics in Frameworks */ = {isa = PBXBuildFile; productRef = C287415C2E5E53E300540B0B /* FirebaseCrashlytics */; };
		C287415F2E5E53E300540B0B /* FirebaseDatabase in Frameworks */ = {isa = PBXBuildFile; productRef = C287415E2E5E53E300540B0B /* FirebaseDatabase */; };
		C28741612E5E53E300540B0B /* FirebaseFirestore in Frameworks */ = {isa = PBXBuildFile; productRef = C28741602E5E53E300540B0B /* FirebaseFirestore */; };
		C28741632E5E53E300540B0B /* FirebaseMessaging in Frameworks */ = {isa = PBXBuildFile; productRef = C28741622E5E53E300540B0B /* FirebaseMessaging */; };
		C28741652E5E53E300540B0B /* FirebaseStorage in Frameworks */ = {isa = PBXBuildFile; productRef = C28741642E5E53E300540B0B /* FirebaseStorage */; };
/* End PBXBuildFile section */

/* Begin PBXContainerItemProxy section */
		C28740FA2E56B95900540B0B /* PBXContainerItemProxy */ = {
			isa = PBXContainerItemProxy;
			containerPortal = C28740E02E56B95800540B0B /* Project object */;
			proxyType = 1;
			remoteGlobalIDString = C28740E72E56B95800540B0B;
			remoteInfo = JokguApplication;
		};
		C28741042E56B95900540B0B /* PBXContainerItemProxy */ = {
			isa = PBXContainerItemProxy;
			containerPortal = C28740E02E56B95800540B0B /* Project object */;
			proxyType = 1;
			remoteGlobalIDString = C28740E72E56B95800540B0B;
			remoteInfo = JokguApplication;
		};
/* End PBXContainerItemProxy section */

/* Begin PBXFileReference section */
		C28740E82E56B95800540B0B /* JokguApplication.app */ = {isa = PBXFileReference; explicitFileType = wrapper.application; includeInIndex = 0; path = JokguApplication.app; sourceTree = BUILT_PRODUCTS_DIR; };
		C28740F92E56B95900540B0B /* JokguApplicationTests.xctest */ = {isa = PBXFileReference; explicitFileType = wrapper.cfbundle; includeInIndex = 0; path = JokguApplicationTests.xctest; sourceTree = BUILT_PRODUCTS_DIR; };
		C28741032E56B95900540B0B /* JokguApplicationUITests.xctest */ = {isa = PBXFileReference; explicitFileType = wrapper.cfbundle; includeInIndex = 0; path = JokguApplicationUITests.xctest; sourceTree = BUILT_PRODUCTS_DIR; };
/* End PBXFileReference section */

/* Begin PBXFileSystemSynchronizedBuildFileExceptionSet section */
		C287410B2E56B95900540B0B /* Exceptions for "JokguApplication" folder in "JokguApplication" target */ = {
			isa = PBXFileSystemSynchronizedBuildFileExceptionSet;
			membershipExceptions = (
				Info.plist,
			);
			target = C28740E72E56B95800540B0B /* JokguApplication */;
		};
		C28741532E5E4FA700540B0B /* Exceptions for "JokguApplication" folder in "JokguApplicationTests" target */ = {
			isa = PBXFileSystemSynchronizedBuildFileExceptionSet;
			membershipExceptions = (
				"GoogleService-Info.plist",
			);
			target = C28740F82E56B95900540B0B /* JokguApplicationTests */;
		};
		C28741542E5E4FA700540B0B /* Exceptions for "JokguApplication" folder in "JokguApplicationUITests" target */ = {
			isa = PBXFileSystemSynchronizedBuildFileExceptionSet;
			membershipExceptions = (
				"GoogleService-Info.plist",
			);
			target = C28741022E56B95900540B0B /* JokguApplicationUITests */;
		};
/* End PBXFileSystemSynchronizedBuildFileExceptionSet section */

/* Begin PBXFileSystemSynchronizedRootGroup section */
		C28740EA2E56B95800540B0B /* JokguApplication */ = {
			isa = PBXFileSystemSynchronizedRootGroup;
			exceptions = (
				C287410B2E56B95900540B0B /* Exceptions for "JokguApplication" folder in "JokguApplication" target */,
				C28741532E5E4FA700540B0B /* Exceptions for "JokguApplication" folder in "JokguApplicationTests" target */,
				C28741542E5E4FA700540B0B /* Exceptions for "JokguApplication" folder in "JokguApplicationUITests" target */,
			);
			path = JokguApplication;
			sourceTree = "<group>";
		};
		C28740FC2E56B95900540B0B /* JokguApplicationTests */ = {
			isa = PBXFileSystemSynchronizedRootGroup;
			path = JokguApplicationTests;
			sourceTree = "<group>";
		};
		C28741062E56B95900540B0B /* JokguApplicationUITests */ = {
			isa = PBXFileSystemSynchronizedRootGroup;
			path = JokguApplicationUITests;
			sourceTree = "<group>";
		};
/* End PBXFileSystemSynchronizedRootGroup section */

/* Begin PBXFrameworksBuildPhase section */
		C28740E52E56B95800540B0B /* Frameworks */ = {
			isa = PBXFrameworksBuildPhase;
			buildActionMask = 2147483647;
			files = (
				C287415F2E5E53E300540B0B /* FirebaseDatabase in Frameworks */,
				C28741572E5E53E300540B0B /* FirebaseAnalytics in Frameworks */,
				C28741632E5E53E300540B0B /* FirebaseMessaging in Frameworks */,
				C287415D2E5E53E300540B0B /* FirebaseCrashlytics in Frameworks */,
				C287415B2E5E53E300540B0B /* FirebaseCore in Frameworks */,
				C28741652E5E53E300540B0B /* FirebaseStorage in Frameworks */,
				C28741592E5E53E300540B0B /* FirebaseAuth in Frameworks */,
				C28741612E5E53E300540B0B /* FirebaseFirestore in Frameworks */,
			);
			runOnlyForDeploymentPostprocessing = 0;
		};
		C28740F62E56B95900540B0B /* Frameworks */ = {
			isa = PBXFrameworksBuildPhase;
			buildActionMask = 2147483647;
			files = (
			);
			runOnlyForDeploymentPostprocessing = 0;
		};
		C28741002E56B95900540B0B /* Frameworks */ = {
			isa = PBXFrameworksBuildPhase;
			buildActionMask = 2147483647;
			files = (
			);
			runOnlyForDeploymentPostprocessing = 0;
		};
/* End PBXFrameworksBuildPhase section */

/* Begin PBXGroup section */
		C28740DF2E56B95800540B0B = {
			isa = PBXGroup;
			children = (
				C28740EA2E56B95800540B0B /* JokguApplication */,
				C28740FC2E56B95900540B0B /* JokguApplicationTests */,
				C28741062E56B95900540B0B /* JokguApplicationUITests */,
				C28740E92E56B95800540B0B /* Products */,
			);
			sourceTree = "<group>";
		};
		C28740E92E56B95800540B0B /* Products */ = {
			isa = PBXGroup;
			children = (
				C28740E82E56B95800540B0B /* JokguApplication.app */,
				C28740F92E56B95900540B0B /* JokguApplicationTests.xctest */,
				C28741032E56B95900540B0B /* JokguApplicationUITests.xctest */,
			);
			name = Products;
			sourceTree = "<group>";
		};
/* End PBXGroup section */

/* Begin PBXNativeTarget section */
		C28740E72E56B95800540B0B /* JokguApplication */ = {
			isa = PBXNativeTarget;
			buildConfigurationList = C287410C2E56B95900540B0B /* Build configuration list for PBXNativeTarget "JokguApplication" */;
			buildPhases = (
				C28740E42E56B95800540B0B /* Sources */,
				C28740E52E56B95800540B0B /* Frameworks */,
				C28740E62E56B95800540B0B /* Resources */,
			);
			buildRules = (
			);
			dependencies = (
			);
			fileSystemSynchronizedGroups = (
				C28740EA2E56B95800540B0B /* JokguApplication */,
			);
			name = JokguApplication;
			packageProductDependencies = (
				C28741562E5E53E300540B0B /* FirebaseAnalytics */,
				C28741582E5E53E300540B0B /* FirebaseAuth */,
				C287415A2E5E53E300540B0B /* FirebaseCore */,
				C287415C2E5E53E300540B0B /* FirebaseCrashlytics */,
				C287415E2E5E53E300540B0B /* FirebaseDatabase */,
				C28741602E5E53E300540B0B /* FirebaseFirestore */,
				C28741622E5E53E300540B0B /* FirebaseMessaging */,
				C28741642E5E53E300540B0B /* FirebaseStorage */,
			);
			productName = JokguApplication;
			productReference = C28740E82E56B95800540B0B /* JokguApplication.app */;
			productType = "com.apple.product-type.application";
		};
		C28740F82E56B95900540B0B /* JokguApplicationTests */ = {
			isa = PBXNativeTarget;
			buildConfigurationList = C28741112E56B95900540B0B /* Build configuration list for PBXNativeTarget "JokguApplicationTests" */;
			buildPhases = (
				C28740F52E56B95900540B0B /* Sources */,
				C28740F62E56B95900540B0B /* Frameworks */,
				C28740F72E56B95900540B0B /* Resources */,
			);
			buildRules = (
			);
			dependencies = (
				C28740FB2E56B95900540B0B /* PBXTargetDependency */,
			);
			fileSystemSynchronizedGroups = (
				C28740FC2E56B95900540B0B /* JokguApplicationTests */,
			);
			name = JokguApplicationTests;
			packageProductDependencies = (
			);
			productName = JokguApplicationTests;
			productReference = C28740F92E56B95900540B0B /* JokguApplicationTests.xctest */;
			productType = "com.apple.product-type.bundle.unit-test";
		};
		C28741022E56B95900540B0B /* JokguApplicationUITests */ = {
			isa = PBXNativeTarget;
			buildConfigurationList = C28741142E56B95900540B0B /* Build configuration list for PBXNativeTarget "JokguApplicationUITests" */;
			buildPhases = (
				C28740FF2E56B95900540B0B /* Sources */,
				C28741002E56B95900540B0B /* Frameworks */,
				C28741012E56B95900540B0B /* Resources */,
			);
			buildRules = (
			);
			dependencies = (
				C28741052E56B95900540B0B /* PBXTargetDependency */,
			);
			fileSystemSynchronizedGroups = (
				C28741062E56B95900540B0B /* JokguApplicationUITests */,
			);
			name = JokguApplicationUITests;
			packageProductDependencies = (
			);
			productName = JokguApplicationUITests;
			productReference = C28741032E56B95900540B0B /* JokguApplicationUITests.xctest */;
			productType = "com.apple.product-type.bundle.ui-testing";
		};
/* End PBXNativeTarget section */

/* Begin PBXProject section */
		C28740E02E56B95800540B0B /* Project object */ = {
			isa = PBXProject;
			attributes = {
				BuildIndependentTargetsInParallel = 1;
				LastSwiftUpdateCheck = 1640;
				LastUpgradeCheck = 1640;
				TargetAttributes = {
					C28740E72E56B95800540B0B = {
						CreatedOnToolsVersion = 16.4;
					};
					C28740F82E56B95900540B0B = {
						CreatedOnToolsVersion = 16.4;
						TestTargetID = C28740E72E56B95800540B0B;
					};
					C28741022E56B95900540B0B = {
						CreatedOnToolsVersion = 16.4;
						TestTargetID = C28740E72E56B95800540B0B;
					};
				};
			};
			buildConfigurationList = C28740E32E56B95800540B0B /* Build configuration list for PBXProject "JokguApplication" */;
			developmentRegion = en;
			hasScannedForEncodings = 0;
			knownRegions = (
				en,
				Base,
			);
			mainGroup = C28740DF2E56B95800540B0B;
			minimizedProjectReferenceProxies = 1;
			packageReferences = (
				C28741552E5E53E300540B0B /* XCRemoteSwiftPackageReference "firebase-ios-sdk" */,
			);
			preferredProjectObjectVersion = 77;
			productRefGroup = C28740E92E56B95800540B0B /* Products */;
			projectDirPath = "";
			projectRoot = "";
			targets = (
				C28740E72E56B95800540B0B /* JokguApplication */,
				C28740F82E56B95900540B0B /* JokguApplicationTests */,
				C28741022E56B95900540B0B /* JokguApplicationUITests */,
			);
		};
/* End PBXProject section */

/* Begin PBXResourcesBuildPhase section */
		C28740E62E56B95800540B0B /* Resources */ = {
			isa = PBXResourcesBuildPhase;
			buildActionMask = 2147483647;
			files = (
			);
			runOnlyForDeploymentPostprocessing = 0;
		};
		C28740F72E56B95900540B0B /* Resources */ = {
			isa = PBXResourcesBuildPhase;
			buildActionMask = 2147483647;
			files = (
			);
			runOnlyForDeploymentPostprocessing = 0;
		};
		C28741012E56B95900540B0B /* Resources */ = {
			isa = PBXResourcesBuildPhase;
			buildActionMask = 2147483647;
			files = (
			);
			runOnlyForDeploymentPostprocessing = 0;
		};
/* End PBXResourcesBuildPhase section */

/* Begin PBXSourcesBuildPhase section */
		C28740E42E56B95800540B0B /* Sources */ = {
			isa = PBXSourcesBuildPhase;
			buildActionMask = 2147483647;
			files = (
			);
			runOnlyForDeploymentPostprocessing = 0;
		};
		C28740F52E56B95900540B0B /* Sources */ = {
			isa = PBXSourcesBuildPhase;
			buildActionMask = 2147483647;
			files = (
			);
			runOnlyForDeploymentPostprocessing = 0;
		};
		C28740FF2E56B95900540B0B /* Sources */ = {
			isa = PBXSourcesBuildPhase;
			buildActionMask = 2147483647;
			files = (
			);
			runOnlyForDeploymentPostprocessing = 0;
		};
/* End PBXSourcesBuildPhase section */

/* Begin PBXTargetDependency section */
		C28740FB2E56B95900540B0B /* PBXTargetDependency */ = {
			isa = PBXTargetDependency;
			target = C28740E72E56B95800540B0B /* JokguApplication */;
			targetProxy = C28740FA2E56B95900540B0B /* PBXContainerItemProxy */;
		};
		C28741052E56B95900540B0B /* PBXTargetDependency */ = {
			isa = PBXTargetDependency;
			target = C28740E72E56B95800540B0B /* JokguApplication */;
			targetProxy = C28741042E56B95900540B0B /* PBXContainerItemProxy */;
		};
/* End PBXTargetDependency section */

/* Begin XCBuildConfiguration section */
		C287410D2E56B95900540B0B /* Debug */ = {
			isa = XCBuildConfiguration;
			buildSettings = {
				ASSETCATALOG_COMPILER_APPICON_NAME = AppIcon;
				ASSETCATALOG_COMPILER_GLOBAL_ACCENT_COLOR_NAME = AccentColor;
				CODE_SIGN_ENTITLEMENTS = JokguApplication/JokguApplication.entitlements;
				CODE_SIGN_STYLE = Automatic;
				CURRENT_PROJECT_VERSION = 1;
				DEVELOPMENT_TEAM = L64M5V69BH;
				ENABLE_PREVIEWS = YES;
				GENERATE_INFOPLIST_FILE = YES;
				INFOPLIST_FILE = JokguApplication/Info.plist;
				INFOPLIST_KEY_UIApplicationSceneManifest_Generation = YES;
				INFOPLIST_KEY_UIApplicationSupportsIndirectInputEvents = YES;
				INFOPLIST_KEY_UILaunchScreen_Generation = YES;
				INFOPLIST_KEY_UISupportedInterfaceOrientations_iPad = "UIInterfaceOrientationPortrait UIInterfaceOrientationPortraitUpsideDown UIInterfaceOrientationLandscapeLeft UIInterfaceOrientationLandscapeRight";
				INFOPLIST_KEY_UISupportedInterfaceOrientations_iPhone = "UIInterfaceOrientationPortrait UIInterfaceOrientationLandscapeLeft UIInterfaceOrientationLandscapeRight";
				LD_RUNPATH_SEARCH_PATHS = (
					"$(inherited)",
					"@executable_path/Frameworks",
				);
				MARKETING_VERSION = 1.0;
				PRODUCT_BUNDLE_IDENTIFIER = incho.JokguApplication;
				PRODUCT_NAME = "$(TARGET_NAME)";
				SWIFT_EMIT_LOC_STRINGS = YES;
				SWIFT_VERSION = 5.0;
				TARGETED_DEVICE_FAMILY = "1,2";
			};
			name = Debug;
		};
		C287410E2E56B95900540B0B /* Release */ = {
			isa = XCBuildConfiguration;
			buildSettings = {
				ASSETCATALOG_COMPILER_APPICON_NAME = AppIcon;
				ASSETCATALOG_COMPILER_GLOBAL_ACCENT_COLOR_NAME = AccentColor;
				CODE_SIGN_ENTITLEMENTS = JokguApplication/JokguApplication.entitlements;
				CODE_SIGN_STYLE = Automatic;
				CURRENT_PROJECT_VERSION = 1;
				DEVELOPMENT_TEAM = L64M5V69BH;
				ENABLE_PREVIEWS = YES;
				GENERATE_INFOPLIST_FILE = YES;
				INFOPLIST_FILE = JokguApplication/Info.plist;
				INFOPLIST_KEY_UIApplicationSceneManifest_Generation = YES;
				INFOPLIST_KEY_UIApplicationSupportsIndirectInputEvents = YES;
				INFOPLIST_KEY_UILaunchScreen_Generation = YES;
				INFOPLIST_KEY_UISupportedInterfaceOrientations_iPad = "UIInterfaceOrientationPortrait UIInterfaceOrientationPortraitUpsideDown UIInterfaceOrientationLandscapeLeft UIInterfaceOrientationLandscapeRight";
				INFOPLIST_KEY_UISupportedInterfaceOrientations_iPhone = "UIInterfaceOrientationPortrait UIInterfaceOrientationLandscapeLeft UIInterfaceOrientationLandscapeRight";
				LD_RUNPATH_SEARCH_PATHS = (
					"$(inherited)",
					"@executable_path/Frameworks",
				);
				MARKETING_VERSION = 1.0;
				PRODUCT_BUNDLE_IDENTIFIER = incho.JokguApplication;
				PRODUCT_NAME = "$(TARGET_NAME)";
				SWIFT_EMIT_LOC_STRINGS = YES;
				SWIFT_VERSION = 5.0;
				TARGETED_DEVICE_FAMILY = "1,2";
			};
			name = Release;
		};
		C287410F2E56B95900540B0B /* Debug */ = {
			isa = XCBuildConfiguration;
			buildSettings = {
				ALWAYS_SEARCH_USER_PATHS = NO;
				ASSETCATALOG_COMPILER_GENERATE_SWIFT_ASSET_SYMBOL_EXTENSIONS = YES;
				CLANG_ANALYZER_NONNULL = YES;
				CLANG_ANALYZER_NUMBER_OBJECT_CONVERSION = YES_AGGRESSIVE;
				CLANG_CXX_LANGUAGE_STANDARD = "gnu++20";
				CLANG_ENABLE_MODULES = YES;
				CLANG_ENABLE_OBJC_ARC = YES;
				CLANG_ENABLE_OBJC_WEAK = YES;
				CLANG_WARN_BLOCK_CAPTURE_AUTORELEASING = YES;
				CLANG_WARN_BOOL_CONVERSION = YES;
				CLANG_WARN_COMMA = YES;
				CLANG_WARN_CONSTANT_CONVERSION = YES;
				CLANG_WARN_DEPRECATED_OBJC_IMPLEMENTATIONS = YES;
				CLANG_WARN_DIRECT_OBJC_ISA_USAGE = YES_ERROR;
				CLANG_WARN_DOCUMENTATION_COMMENTS = YES;
				CLANG_WARN_EMPTY_BODY = YES;
				CLANG_WARN_ENUM_CONVERSION = YES;
				CLANG_WARN_INFINITE_RECURSION = YES;
				CLANG_WARN_INT_CONVERSION = YES;
				CLANG_WARN_NON_LITERAL_NULL_CONVERSION = YES;
				CLANG_WARN_OBJC_IMPLICIT_RETAIN_SELF = YES;
				CLANG_WARN_OBJC_LITERAL_CONVERSION = YES;
				CLANG_WARN_OBJC_ROOT_CLASS = YES_ERROR;
				CLANG_WARN_QUOTED_INCLUDE_IN_FRAMEWORK_HEADER = YES;
				CLANG_WARN_RANGE_LOOP_ANALYSIS = YES;
				CLANG_WARN_STRICT_PROTOTYPES = YES;
				CLANG_WARN_SUSPICIOUS_MOVE = YES;
				CLANG_WARN_UNGUARDED_AVAILABILITY = YES_AGGRESSIVE;
				CLANG_WARN_UNREACHABLE_CODE = YES;
				CLANG_WARN__DUPLICATE_METHOD_MATCH = YES;
				COPY_PHASE_STRIP = NO;
				DEBUG_INFORMATION_FORMAT = dwarf;
				DEVELOPMENT_TEAM = L64M5V69BH;
				ENABLE_STRICT_OBJC_MSGSEND = YES;
				ENABLE_TESTABILITY = YES;
				ENABLE_USER_SCRIPT_SANDBOXING = YES;
				GCC_C_LANGUAGE_STANDARD = gnu17;
				GCC_DYNAMIC_NO_PIC = NO;
				GCC_NO_COMMON_BLOCKS = YES;
				GCC_OPTIMIZATION_LEVEL = 0;
				GCC_PREPROCESSOR_DEFINITIONS = (
					"DEBUG=1",
					"$(inherited)",
				);
				GCC_WARN_64_TO_32_BIT_CONVERSION = YES;
				GCC_WARN_ABOUT_RETURN_TYPE = YES_ERROR;
				GCC_WARN_UNDECLARED_SELECTOR = YES;
				GCC_WARN_UNINITIALIZED_AUTOS = YES_AGGRESSIVE;
				GCC_WARN_UNUSED_FUNCTION = YES;
				GCC_WARN_UNUSED_VARIABLE = YES;
				IPHONEOS_DEPLOYMENT_TARGET = 18.5;
				LOCALIZATION_PREFERS_STRING_CATALOGS = YES;
				MTL_ENABLE_DEBUG_INFO = INCLUDE_SOURCE;
				MTL_FAST_MATH = YES;
				ONLY_ACTIVE_ARCH = YES;
				SDKROOT = iphoneos;
				SWIFT_ACTIVE_COMPILATION_CONDITIONS = "DEBUG $(inherited)";
				SWIFT_OPTIMIZATION_LEVEL = "-Onone";
			};
			name = Debug;
		};
		C28741102E56B95900540B0B /* Release */ = {
			isa = XCBuildConfiguration;
			buildSettings = {
				ALWAYS_SEARCH_USER_PATHS = NO;
				ASSETCATALOG_COMPILER_GENERATE_SWIFT_ASSET_SYMBOL_EXTENSIONS = YES;
				CLANG_ANALYZER_NONNULL = YES;
				CLANG_ANALYZER_NUMBER_OBJECT_CONVERSION = YES_AGGRESSIVE;
				CLANG_CXX_LANGUAGE_STANDARD = "gnu++20";
				CLANG_ENABLE_MODULES = YES;
				CLANG_ENABLE_OBJC_ARC = YES;
				CLANG_ENABLE_OBJC_WEAK = YES;
				CLANG_WARN_BLOCK_CAPTURE_AUTORELEASING = YES;
				CLANG_WARN_BOOL_CONVERSION = YES;
				CLANG_WARN_COMMA = YES;
				CLANG_WARN_CONSTANT_CONVERSION = YES;
				CLANG_WARN_DEPRECATED_OBJC_IMPLEMENTATIONS = YES;
				CLANG_WARN_DIRECT_OBJC_ISA_USAGE = YES_ERROR;
				CLANG_WARN_DOCUMENTATION_COMMENTS = YES;
				CLANG_WARN_EMPTY_BODY = YES;
				CLANG_WARN_ENUM_CONVERSION = YES;
				CLANG_WARN_INFINITE_RECURSION = YES;
				CLANG_WARN_INT_CONVERSION = YES;
				CLANG_WARN_NON_LITERAL_NULL_CONVERSION = YES;
				CLANG_WARN_OBJC_IMPLICIT_RETAIN_SELF = YES;
				CLANG_WARN_OBJC_LITERAL_CONVERSION = YES;
				CLANG_WARN_OBJC_ROOT_CLASS = YES_ERROR;
				CLANG_WARN_QUOTED_INCLUDE_IN_FRAMEWORK_HEADER = YES;
				CLANG_WARN_RANGE_LOOP_ANALYSIS = YES;
				CLANG_WARN_STRICT_PROTOTYPES = YES;
				CLANG_WARN_SUSPICIOUS_MOVE = YES;
				CLANG_WARN_UNGUARDED_AVAILABILITY = YES_AGGRESSIVE;
				CLANG_WARN_UNREACHABLE_CODE = YES;
				CLANG_WARN__DUPLICATE_METHOD_MATCH = YES;
				COPY_PHASE_STRIP = NO;
				DEBUG_INFORMATION_FORMAT = "dwarf-with-dsym";
				DEVELOPMENT_TEAM = L64M5V69BH;
				ENABLE_NS_ASSERTIONS = NO;
				ENABLE_STRICT_OBJC_MSGSEND = YES;
				ENABLE_USER_SCRIPT_SANDBOXING = YES;
				GCC_C_LANGUAGE_STANDARD = gnu17;
				GCC_NO_COMMON_BLOCKS = YES;
				GCC_WARN_64_TO_32_BIT_CONVERSION = YES;
				GCC_WARN_ABOUT_RETURN_TYPE = YES_ERROR;
				GCC_WARN_UNDECLARED_SELECTOR = YES;
				GCC_WARN_UNINITIALIZED_AUTOS = YES_AGGRESSIVE;
				GCC_WARN_UNUSED_FUNCTION = YES;
				GCC_WARN_UNUSED_VARIABLE = YES;
				IPHONEOS_DEPLOYMENT_TARGET = 18.5;
				LOCALIZATION_PREFERS_STRING_CATALOGS = YES;
				MTL_ENABLE_DEBUG_INFO = NO;
				MTL_FAST_MATH = YES;
				SDKROOT = iphoneos;
				SWIFT_COMPILATION_MODE = wholemodule;
				VALIDATE_PRODUCT = YES;
			};
			name = Release;
		};
		C28741122E56B95900540B0B /* Debug */ = {
			isa = XCBuildConfiguration;
			buildSettings = {
				BUNDLE_LOADER = "$(TEST_HOST)";
				CODE_SIGN_STYLE = Automatic;
				CURRENT_PROJECT_VERSION = 1;
				DEVELOPMENT_TEAM = L64M5V69BH;
				GENERATE_INFOPLIST_FILE = YES;
				IPHONEOS_DEPLOYMENT_TARGET = 18.5;
				MARKETING_VERSION = 1.0;
				PRODUCT_BUNDLE_IDENTIFIER = incho.JokguApplicationTests;
				PRODUCT_NAME = "$(TARGET_NAME)";
				SWIFT_EMIT_LOC_STRINGS = NO;
				SWIFT_VERSION = 5.0;
				TARGETED_DEVICE_FAMILY = "1,2";
				TEST_HOST = "$(BUILT_PRODUCTS_DIR)/JokguApplication.app/$(BUNDLE_EXECUTABLE_FOLDER_PATH)/JokguApplication";
			};
			name = Debug;
		};
		C28741132E56B95900540B0B /* Release */ = {
			isa = XCBuildConfiguration;
			buildSettings = {
				BUNDLE_LOADER = "$(TEST_HOST)";
				CODE_SIGN_STYLE = Automatic;
				CURRENT_PROJECT_VERSION = 1;
				DEVELOPMENT_TEAM = L64M5V69BH;
				GENERATE_INFOPLIST_FILE = YES;
				IPHONEOS_DEPLOYMENT_TARGET = 18.5;
				MARKETING_VERSION = 1.0;
				PRODUCT_BUNDLE_IDENTIFIER = incho.JokguApplicationTests;
				PRODUCT_NAME = "$(TARGET_NAME)";
				SWIFT_EMIT_LOC_STRINGS = NO;
				SWIFT_VERSION = 5.0;
				TARGETED_DEVICE_FAMILY = "1,2";
				TEST_HOST = "$(BUILT_PRODUCTS_DIR)/JokguApplication.app/$(BUNDLE_EXECUTABLE_FOLDER_PATH)/JokguApplication";
			};
			name = Release;
		};
		C28741152E56B95900540B0B /* Debug */ = {
			isa = XCBuildConfiguration;
			buildSettings = {
				CODE_SIGN_STYLE = Automatic;
				CURRENT_PROJECT_VERSION = 1;
				DEVELOPMENT_TEAM = L64M5V69BH;
				GENERATE_INFOPLIST_FILE = YES;
				MARKETING_VERSION = 1.0;
				PRODUCT_BUNDLE_IDENTIFIER = incho.JokguApplicationUITests;
				PRODUCT_NAME = "$(TARGET_NAME)";
				SWIFT_EMIT_LOC_STRINGS = NO;
				SWIFT_VERSION = 5.0;
				TARGETED_DEVICE_FAMILY = "1,2";
				TEST_TARGET_NAME = JokguApplication;
			};
			name = Debug;
		};
		C28741162E56B95900540B0B /* Release */ = {
			isa = XCBuildConfiguration;
			buildSettings = {
				CODE_SIGN_STYLE = Automatic;
				CURRENT_PROJECT_VERSION = 1;
				DEVELOPMENT_TEAM = L64M5V69BH;
				GENERATE_INFOPLIST_FILE = YES;
				MARKETING_VERSION = 1.0;
				PRODUCT_BUNDLE_IDENTIFIER = incho.JokguApplicationUITests;
				PRODUCT_NAME = "$(TARGET_NAME)";
				SWIFT_EMIT_LOC_STRINGS = NO;
				SWIFT_VERSION = 5.0;
				TARGETED_DEVICE_FAMILY = "1,2";
				TEST_TARGET_NAME = JokguApplication;
			};
			name = Release;
		};
/* End XCBuildConfiguration section */

/* Begin XCConfigurationList section */
		C28740E32E56B95800540B0B /* Build configuration list for PBXProject "JokguApplication" */ = {
			isa = XCConfigurationList;
			buildConfigurations = (
				C287410F2E56B95900540B0B /* Debug */,
				C28741102E56B95900540B0B /* Release */,
			);
			defaultConfigurationIsVisible = 0;
			defaultConfigurationName = Release;
		};
		C287410C2E56B95900540B0B /* Build configuration list for PBXNativeTarget "JokguApplication" */ = {
			isa = XCConfigurationList;
			buildConfigurations = (
				C287410D2E56B95900540B0B /* Debug */,
				C287410E2E56B95900540B0B /* Release */,
			);
			defaultConfigurationIsVisible = 0;
			defaultConfigurationName = Release;
		};
		C28741112E56B95900540B0B /* Build configuration list for PBXNativeTarget "JokguApplicationTests" */ = {
			isa = XCConfigurationList;
			buildConfigurations = (
				C28741122E56B95900540B0B /* Debug */,
				C28741132E56B95900540B0B /* Release */,
			);
			defaultConfigurationIsVisible = 0;
			defaultConfigurationName = Release;
		};
		C28741142E56B95900540B0B /* Build configuration list for PBXNativeTarget "JokguApplicationUITests" */ = {
			isa = XCConfigurationList;
			buildConfigurations = (
				C28741152E56B95900540B0B /* Debug */,
				C28741162E56B95900540B0B /* Release */,
			);
			defaultConfigurationIsVisible = 0;
			defaultConfigurationName = Release;
		};
/* End XCConfigurationList section */

/* Begin XCRemoteSwiftPackageReference section */
		C28741552E5E53E300540B0B /* XCRemoteSwiftPackageReference "firebase-ios-sdk" */ = {
			isa = XCRemoteSwiftPackageReference;
			repositoryURL = "https://github.com/firebase/firebase-ios-sdk";
			requirement = {
				kind = upToNextMajorVersion;
				minimumVersion = 12.1.0;
			};
		};
/* End XCRemoteSwiftPackageReference section */

/* Begin XCSwiftPackageProductDependency section */
		C28741562E5E53E300540B0B /* FirebaseAnalytics */ = {
			isa = XCSwiftPackageProductDependency;
			package = C28741552E5E53E300540B0B /* XCRemoteSwiftPackageReference "firebase-ios-sdk" */;
			productName = FirebaseAnalytics;
		};
		C28741582E5E53E300540B0B /* FirebaseAuth */ = {
			isa = XCSwiftPackageProductDependency;
			package = C28741552E5E53E300540B0B /* XCRemoteSwiftPackageReference "firebase-ios-sdk" */;
			productName = FirebaseAuth;
		};
		C287415A2E5E53E300540B0B /* FirebaseCore */ = {
			isa = XCSwiftPackageProductDependency;
			package = C28741552E5E53E300540B0B /* XCRemoteSwiftPackageReference "firebase-ios-sdk" */;
			productName = FirebaseCore;
		};
		C287415C2E5E53E300540B0B /* FirebaseCrashlytics */ = {
			isa = XCSwiftPackageProductDependency;
			package = C28741552E5E53E300540B0B /* XCRemoteSwiftPackageReference "firebase-ios-sdk" */;
			productName = FirebaseCrashlytics;
		};
		C287415E2E5E53E300540B0B /* FirebaseDatabase */ = {
			isa = XCSwiftPackageProductDependency;
			package = C28741552E5E53E300540B0B /* XCRemoteSwiftPackageReference "firebase-ios-sdk" */;
			productName = FirebaseDatabase;
		};
		C28741602E5E53E300540B0B /* FirebaseFirestore */ = {
			isa = XCSwiftPackageProductDependency;
			package = C28741552E5E53E300540B0B /* XCRemoteSwiftPackageReference "firebase-ios-sdk" */;
			productName = FirebaseFirestore;
		};
		C28741622E5E53E300540B0B /* FirebaseMessaging */ = {
			isa = XCSwiftPackageProductDependency;
			package = C28741552E5E53E300540B0B /* XCRemoteSwiftPackageReference "firebase-ios-sdk" */;
			productName = FirebaseMessaging;
		};
		C28741642E5E53E300540B0B /* FirebaseStorage */ = {
			isa = XCSwiftPackageProductDependency;
			package = C28741552E5E53E300540B0B /* XCRemoteSwiftPackageReference "firebase-ios-sdk" */;
			productName = FirebaseStorage;
		};
/* End XCSwiftPackageProductDependency section */
	};
	rootObject = C28740E02E56B95800540B0B /* Project object */;
}
